{
  "name": "ull-esit-inf-dsi-21-22-prct09-filesystem-notes-app-alu0101327372",
  "version": "1.0.0",
  "lockfileVersion": 2,
  "requires": true,
  "packages": {
    "": {
      "name": "ull-esit-inf-dsi-21-22-prct09-filesystem-notes-app-alu0101327372",
      "version": "1.0.0",
      "license": "ISC"
    }
  }
}
